
Microsoft Visual Studio Solution File, Format Version 12.00
# Visual Studio Version 17
VisualStudioVersion = 17.14.36221.1 d17.14
MinimumVisualStudioVersion = 10.0.40219.1
Project("{FAE04EC0-301F-11D3-BF4B-00C04F79EFBC}") = "TaskFawry", "TaskFawry\TaskFawry.csproj", "{6F0A2C60-379A-4E6E-9B7A-AB44638A4866}"
EndProject
Global
	GlobalSection(SolutionConfigurationPlatforms) = preSolution
		Debug|Any CPU = Debug|Any CPU
		Release|Any CPU = Release|Any CPU
	EndGlobalSection
	GlobalSection(ProjectConfigurationPlatforms) = postSolution
		{6F0A2C60-379A-4E6E-9B7A-AB44638A4866}.Debug|Any CPU.ActiveCfg = Debug|Any CPU
		{6F0A2C60-379A-4E6E-9B7A-AB44638A4866}.Debug|Any CPU.Build.0 = Debug|Any CPU
		{6F0A2C60-379A-4E6E-9B7A-AB44638A4866}.Release|Any CPU.ActiveCfg = Release|Any CPU
		{6F0A2C60-379A-4E6E-9B7A-AB44638A4866}.Release|Any CPU.Build.0 = Release|Any CPU
	EndGlobalSection
	GlobalSection(SolutionProperties) = preSolution
		HideSolutionNode = FALSE
	EndGlobalSection
	GlobalSection(ExtensibilityGlobals) = postSolution
		SolutionGuid = {F7EB8E0B-8A72-4F01-BAA7-A73793555E79}
	EndGlobalSection
EndGlobal
